
Microsoft Visual Studio Solution File, Format Version 12.00
# Visual Studio Version 17
VisualStudioVersion = 17.1.32228.430
MinimumVisualStudioVersion = 10.0.40219.1
Project("{FAE04EC0-301F-11D3-BF4B-00C04F79EFBC}") = "OrderingApp.Android", "OrderingApp\OrderingApp.Android\OrderingApp.Android.csproj", "{CCEB5FEF-D9E2-41BF-B6F9-22B36F5F2D67}"
EndProject
Project("{FAE04EC0-301F-11D3-BF4B-00C04F79EFBC}") = "OrderingApp.iOS", "OrderingApp\OrderingApp.iOS\OrderingApp.iOS.csproj", "{D4BD06B4-1DF5-43CB-8AB0-129940A1C5AC}"
EndProject
Project("{FAE04EC0-301F-11D3-BF4B-00C04F79EFBC}") = "OrderingApp", "OrderingApp\OrderingApp\OrderingApp.csproj", "{E1B68028-BD48-4CEB-BE73-22A678319E93}"
EndProject
Global
	GlobalSection(SolutionConfigurationPlatforms) = preSolution
		Debug|Any CPU = Debug|Any CPU
		Debug|iPhone = Debug|iPhone
		Debug|iPhoneSimulator = Debug|iPhoneSimulator
		Release|Any CPU = Release|Any CPU
		Release|iPhone = Release|iPhone
		Release|iPhoneSimulator = Release|iPhoneSimulator
	EndGlobalSection
	GlobalSection(ProjectConfigurationPlatforms) = postSolution
		{CCEB5FEF-D9E2-41BF-B6F9-22B36F5F2D67}.Debug|Any CPU.ActiveCfg = Debug|Any CPU
		{CCEB5FEF-D9E2-41BF-B6F9-22B36F5F2D67}.Debug|Any CPU.Build.0 = Debug|Any CPU
		{CCEB5FEF-D9E2-41BF-B6F9-22B36F5F2D67}.Debug|Any CPU.Deploy.0 = Debug|Any CPU
		{CCEB5FEF-D9E2-41BF-B6F9-22B36F5F2D67}.Debug|iPhone.ActiveCfg = Debug|Any CPU
		{CCEB5FEF-D9E2-41BF-B6F9-22B36F5F2D67}.Debug|iPhone.Build.0 = Debug|Any CPU
		{CCEB5FEF-D9E2-41BF-B6F9-22B36F5F2D67}.Debug|iPhone.Deploy.0 = Debug|Any CPU
		{CCEB5FEF-D9E2-41BF-B6F9-22B36F5F2D67}.Debug|iPhoneSimulator.ActiveCfg = Debug|Any CPU
		{CCEB5FEF-D9E2-41BF-B6F9-22B36F5F2D67}.Debug|iPhoneSimulator.Build.0 = Debug|Any CPU
		{CCEB5FEF-D9E2-41BF-B6F9-22B36F5F2D67}.Debug|iPhoneSimulator.Deploy.0 = Debug|Any CPU
		{CCEB5FEF-D9E2-41BF-B6F9-22B36F5F2D67}.Release|Any CPU.ActiveCfg = Release|Any CPU
		{CCEB5FEF-D9E2-41BF-B6F9-22B36F5F2D67}.Release|Any CPU.Build.0 = Release|Any CPU
		{CCEB5FEF-D9E2-41BF-B6F9-22B36F5F2D67}.Release|Any CPU.Deploy.0 = Release|Any CPU
		{CCEB5FEF-D9E2-41BF-B6F9-22B36F5F2D67}.Release|iPhone.ActiveCfg = Release|Any CPU
		{CCEB5FEF-D9E2-41BF-B6F9-22B36F5F2D67}.Release|iPhone.Build.0 = Release|Any CPU
		{CCEB5FEF-D9E2-41BF-B6F9-22B36F5F2D67}.Release|iPhone.Deploy.0 = Release|Any CPU
		{CCEB5FEF-D9E2-41BF-B6F9-22B36F5F2D67}.Release|iPhoneSimulator.ActiveCfg = Release|Any CPU
		{CCEB5FEF-D9E2-41BF-B6F9-22B36F5F2D67}.Release|iPhoneSimulator.Build.0 = Release|Any CPU
		{CCEB5FEF-D9E2-41BF-B6F9-22B36F5F2D67}.Release|iPhoneSimulator.Deploy.0 = Release|Any CPU
		{D4BD06B4-1DF5-43CB-8AB0-129940A1C5AC}.Debug|Any CPU.ActiveCfg = Debug|iPhone
		{D4BD06B4-1DF5-43CB-8AB0-129940A1C5AC}.Debug|Any CPU.Build.0 = Debug|iPhone
		{D4BD06B4-1DF5-43CB-8AB0-129940A1C5AC}.Debug|Any CPU.Deploy.0 = Debug|iPhone
		{D4BD06B4-1DF5-43CB-8AB0-129940A1C5AC}.Debug|iPhone.ActiveCfg = Debug|iPhone
		{D4BD06B4-1DF5-43CB-8AB0-129940A1C5AC}.Debug|iPhone.Build.0 = Debug|iPhone
		{D4BD06B4-1DF5-43CB-8AB0-129940A1C5AC}.Debug|iPhone.Deploy.0 = Debug|iPhone
		{D4BD06B4-1DF5-43CB-8AB0-129940A1C5AC}.Debug|iPhoneSimulator.ActiveCfg = Debug|iPhoneSimulator
		{D4BD06B4-1DF5-43CB-8AB0-129940A1C5AC}.Debug|iPhoneSimulator.Build.0 = Debug|iPhoneSimulator
		{D4BD06B4-1DF5-43CB-8AB0-129940A1C5AC}.Debug|iPhoneSimulator.Deploy.0 = Debug|iPhoneSimulator
		{D4BD06B4-1DF5-43CB-8AB0-129940A1C5AC}.Release|Any CPU.ActiveCfg = Release|iPhoneSimulator
		{D4BD06B4-1DF5-43CB-8AB0-129940A1C5AC}.Release|Any CPU.Build.0 = Release|iPhoneSimulator
		{D4BD06B4-1DF5-43CB-8AB0-129940A1C5AC}.Release|Any CPU.Deploy.0 = Release|iPhoneSimulator
		{D4BD06B4-1DF5-43CB-8AB0-129940A1C5AC}.Release|iPhone.ActiveCfg = Release|iPhone
		{D4BD06B4-1DF5-43CB-8AB0-129940A1C5AC}.Release|iPhone.Build.0 = Release|iPhone
		{D4BD06B4-1DF5-43CB-8AB0-129940A1C5AC}.Release|iPhone.Deploy.0 = Release|iPhone
		{D4BD06B4-1DF5-43CB-8AB0-129940A1C5AC}.Release|iPhoneSimulator.ActiveCfg = Release|iPhoneSimulator
		{D4BD06B4-1DF5-43CB-8AB0-129940A1C5AC}.Release|iPhoneSimulator.Build.0 = Release|iPhoneSimulator
		{D4BD06B4-1DF5-43CB-8AB0-129940A1C5AC}.Release|iPhoneSimulator.Deploy.0 = Release|iPhoneSimulator
		{E1B68028-BD48-4CEB-BE73-22A678319E93}.Debug|Any CPU.ActiveCfg = Debug|Any CPU
		{E1B68028-BD48-4CEB-BE73-22A678319E93}.Debug|Any CPU.Build.0 = Debug|Any CPU
		{E1B68028-BD48-4CEB-BE73-22A678319E93}.Debug|Any CPU.Deploy.0 = Debug|Any CPU
		{E1B68028-BD48-4CEB-BE73-22A678319E93}.Debug|iPhone.ActiveCfg = Debug|Any CPU
		{E1B68028-BD48-4CEB-BE73-22A678319E93}.Debug|iPhone.Build.0 = Debug|Any CPU
		{E1B68028-BD48-4CEB-BE73-22A678319E93}.Debug|iPhone.Deploy.0 = Debug|Any CPU
		{E1B68028-BD48-4CEB-BE73-22A678319E93}.Debug|iPhoneSimulator.ActiveCfg = Debug|Any CPU
		{E1B68028-BD48-4CEB-BE73-22A678319E93}.Debug|iPhoneSimulator.Build.0 = Debug|Any CPU
		{E1B68028-BD48-4CEB-BE73-22A678319E93}.Debug|iPhoneSimulator.Deploy.0 = Debug|Any CPU
		{E1B68028-BD48-4CEB-BE73-22A678319E93}.Release|Any CPU.ActiveCfg = Release|Any CPU
		{E1B68028-BD48-4CEB-BE73-22A678319E93}.Release|Any CPU.Build.0 = Release|Any CPU
		{E1B68028-BD48-4CEB-BE73-22A678319E93}.Release|Any CPU.Deploy.0 = Release|Any CPU
		{E1B68028-BD48-4CEB-BE73-22A678319E93}.Release|iPhone.ActiveCfg = Release|Any CPU
		{E1B68028-BD48-4CEB-BE73-22A678319E93}.Release|iPhone.Build.0 = Release|Any CPU
		{E1B68028-BD48-4CEB-BE73-22A678319E93}.Release|iPhone.Deploy.0 = Release|Any CPU
		{E1B68028-BD48-4CEB-BE73-22A678319E93}.Release|iPhoneSimulator.ActiveCfg = Release|Any CPU
		{E1B68028-BD48-4CEB-BE73-22A678319E93}.Release|iPhoneSimulator.Build.0 = Release|Any CPU
		{E1B68028-BD48-4CEB-BE73-22A678319E93}.Release|iPhoneSimulator.Deploy.0 = Release|Any CPU
	EndGlobalSection
	GlobalSection(SolutionProperties) = preSolution
		HideSolutionNode = FALSE
	EndGlobalSection
	GlobalSection(ExtensibilityGlobals) = postSolution
		SolutionGuid = {7A4485D8-59F8-4BDC-8526-6AB4A3F4BEC0}
	EndGlobalSection
EndGlobal
